
Microsoft Visual Studio Solution File, Format Version 12.00
# Visual Studio 15
VisualStudioVersion = 15.0.27428.2027
MinimumVisualStudioVersion = 10.0.40219.1
Project("{FAE04EC0-301F-11D3-BF4B-00C04F79EFBC}") = "FieldEvaluationOffsetAlbin", "FieldEvaluationOffsetAlbin.csproj", "{2B331CB0-4590-4ABA-9472-6153F5B141C5}"
EndProject
Global
	GlobalSection(SolutionConfigurationPlatforms) = preSolution
		Debug|Any CPU = Debug|Any CPU
		Debug|x64 = Debug|x64
		Release|Any CPU = Release|Any CPU
		Release|x64 = Release|x64
	EndGlobalSection
	GlobalSection(ProjectConfigurationPlatforms) = postSolution
		{2B331CB0-4590-4ABA-9472-6153F5B141C5}.Debug|Any CPU.ActiveCfg = Debug|Any CPU
		{2B331CB0-4590-4ABA-9472-6153F5B141C5}.Debug|Any CPU.Build.0 = Debug|Any CPU
		{2B331CB0-4590-4ABA-9472-6153F5B141C5}.Debug|x64.ActiveCfg = Debug|x64
		{2B331CB0-4590-4ABA-9472-6153F5B141C5}.Debug|x64.Build.0 = Debug|x64
		{2B331CB0-4590-4ABA-9472-6153F5B141C5}.Release|Any CPU.ActiveCfg = Release|Any CPU
		{2B331CB0-4590-4ABA-9472-6153F5B141C5}.Release|Any CPU.Build.0 = Release|Any CPU
		{2B331CB0-4590-4ABA-9472-6153F5B141C5}.Release|x64.ActiveCfg = Release|x64
		{2B331CB0-4590-4ABA-9472-6153F5B141C5}.Release|x64.Build.0 = Release|x64
	EndGlobalSection
	GlobalSection(SolutionProperties) = preSolution
		HideSolutionNode = FALSE
	EndGlobalSection
	GlobalSection(ExtensibilityGlobals) = postSolution
		SolutionGuid = {D694D183-CABB-49B8-8830-CF77D0E366CF}
	EndGlobalSection
EndGlobal
